{
    "_readme": [
        "This file locks the dependencies of your project to a known state",
        "Read more about it at https://getcomposer.org/doc/01-basic-usage.md#installing-dependencies",
        "This file is @generated automatically"
    ],
    "content-hash": "db046b5b8f63f40077219d0372fafaff",
    "packages": [
        {
            "name": "nicolasflamel/blake2b",
            "version": "v0.1.0",
            "source": {
                "type": "git",
                "url": "https://github.com/NicolasFlamel1/BLAKE2b-PHP-Library.git",
                "reference": "799ff728990f13d3c69b215b911b9415e3def1ff"
            },
            "dist": {
                "type": "zip",
                "url": "https://api.github.com/repos/NicolasFlamel1/BLAKE2b-PHP-Library/zipball/799ff728990f13d3c69b215b911b9415e3def1ff",
                "reference": "799ff728990f13d3c69b215b911b9415e3def1ff",
                "shasum": ""
            },
            "require": {
                "php": ">=8.0.0"
            },
            "type": "library",
            "autoload": {
                "psr-4": {
                    "Nicolasflamel\\Blake2b\\": "src/"
                }
            },
            "notification-url": "https://packagist.org/downloads/",
            "license": [
                "MIT"
            ],
            "authors": [
                {
                    "name": "Nicolas Flamel"
                }
            ],
            "description": "PHP library for parts of the official BLAKE2b implementation",
            "keywords": [
                "BLAKE2b"
            ],
            "support": {
                "issues": "https://github.com/NicolasFlamel1/BLAKE2b-PHP-Library/issues",
                "source": "https://github.com/NicolasFlamel1/BLAKE2b-PHP-Library/tree/v0.1.0"
            },
            "time": "2024-03-07T21:50:31+00:00"
        },
        {
            "name": "nicolasflamel/secp256k1-zkp",
            "version": "v0.1.1",
            "source": {
                "type": "git",
                "url": "https://github.com/NicolasFlamel1/Secp256k1-zkp-PHP-Library.git",
                "reference": "90611a6229bd77cf950635c30fd7b75d0f1ab3b3"
            },
            "dist": {
                "type": "zip",
                "url": "https://api.github.com/repos/NicolasFlamel1/Secp256k1-zkp-PHP-Library/zipball/90611a6229bd77cf950635c30fd7b75d0f1ab3b3",
                "reference": "90611a6229bd77cf950635c30fd7b75d0f1ab3b3",
                "shasum": ""
            },
            "require": {
                "php": ">=8.0.0"
            },
            "type": "library",
            "autoload": {
                "psr-4": {
                    "Nicolasflamel\\Secp256k1Zkp\\": "src/"
                }
            },
            "notification-url": "https://packagist.org/downloads/",
            "license": [
                "MIT"
            ],
            "authors": [
                {
                    "name": "Nicolas Flamel"
                }
            ],
            "description": "PHP library for parts of libsecp256k1-zkp",
            "keywords": [
                "secp256k1-zkp"
            ],
            "support": {
                "issues": "https://github.com/NicolasFlamel1/Secp256k1-zkp-PHP-Library/issues",
                "source": "https://github.com/NicolasFlamel1/Secp256k1-zkp-PHP-Library/tree/v0.1.1"
            },
            "time": "2024-03-09T16:48:41+00:00"
        }
    ],
    "packages-dev": [],
    "aliases": [],
    "minimum-stability": "stable",
    "stability-flags": [],
    "prefer-stable": false,
    "prefer-lowest": false,
    "platform": [],
    "platform-dev": [],
    "plugin-api-version": "2.6.0"
}
